
Microsoft Visual Studio Solution File, Format Version 12.00
# Visual Studio Version 16
VisualStudioVersion = 16.0.30907.101
MinimumVisualStudioVersion = 10.0.40219.1
Project("{FAE04EC0-301F-11D3-BF4B-00C04F79EFBC}") = "02-namaz-vakti", "02-namaz-vakti\02-namaz-vakti.csproj", "{6712B3BB-66D7-44E2-AA17-8D93923F8FFA}"
EndProject
Project("{54435603-DBB4-11D2-8724-00A0C9A8B90C}") = "bt-vakitci-setup", "bt-vakitci-setup\bt-vakitci-setup.vdproj", "{E4872D4E-24D7-4906-8E45-B12C37303AC4}"
EndProject
Global
	GlobalSection(SolutionConfigurationPlatforms) = preSolution
		Debug|Any CPU = Debug|Any CPU
		Release|Any CPU = Release|Any CPU
	EndGlobalSection
	GlobalSection(ProjectConfigurationPlatforms) = postSolution
		{6712B3BB-66D7-44E2-AA17-8D93923F8FFA}.Debug|Any CPU.ActiveCfg = Debug|Any CPU
		{6712B3BB-66D7-44E2-AA17-8D93923F8FFA}.Debug|Any CPU.Build.0 = Debug|Any CPU
		{6712B3BB-66D7-44E2-AA17-8D93923F8FFA}.Release|Any CPU.ActiveCfg = Release|Any CPU
		{6712B3BB-66D7-44E2-AA17-8D93923F8FFA}.Release|Any CPU.Build.0 = Release|Any CPU
		{E4872D4E-24D7-4906-8E45-B12C37303AC4}.Debug|Any CPU.ActiveCfg = Debug
		{E4872D4E-24D7-4906-8E45-B12C37303AC4}.Release|Any CPU.ActiveCfg = Release
	EndGlobalSection
	GlobalSection(SolutionProperties) = preSolution
		HideSolutionNode = FALSE
	EndGlobalSection
	GlobalSection(ExtensibilityGlobals) = postSolution
		SolutionGuid = {EC959371-C358-4BC4-BCFE-8A4166207B27}
	EndGlobalSection
EndGlobal
